# This file is automatically @generated by Poetry 2.2.1 and should not be changed by hand.

[[package]]
name = "asttokens"
version = "3.0.1"
description = "Annotate AST trees with source code positions"
optional = false
python-versions = ">=3.8"
groups = ["dev"]
files = [
    {file = "asttokens-3.0.1-py3-none-any.whl", hash = "sha256:15a3ebc0f43c2d0a50eeafea25e19046c68398e487b9f1f5b517f7c0f40f976a"},
    {file = "asttokens-3.0.1.tar.gz", hash = "sha256:71a4ee5de0bde6a31d64f6b13f2293ac190344478f081c3d1bccfcf5eacb0cb7"},
]

[package.extras]
astroid = ["astroid (>=2,<5)"]
test = ["astroid (>=2,<5)", "pytest (<9.0)", "pytest-cov", "pytest-xdist"]

[[package]]
name = "colorama"
version = "0.4.6"
description = "Cross-platform colored terminal text."
optional = false
python-versions = "!=3.0.*,!=3.1.*,!=3.2.*,!=3.3.*,!=3.4.*,!=3.5.*,!=3.6.*,>=2.7"
groups = ["dev"]
markers = "sys_platform == \"win32\""
files = [
    {file = "colorama-0.4.6-py2.py3-none-any.whl", hash = "sha256:4f1d9991f5acc0ca119f9d443620b77f9d6b33703e51011c16baf57afb285fc6"},
    {file = "colorama-0.4.6.tar.gz", hash = "sha256:08695f5cb7ed6e0531a20572697297273c47b8cae5a63ffc6d6ed5c201be6e44"},
]

[[package]]
name = "decorator"
version = "5.2.1"
description = "Decorators for Humans"
optional = false
python-versions = ">=3.8"
groups = ["dev"]
files = [
    {file = "decorator-5.2.1-py3-none-any.whl", hash = "sha256:d316bb415a2d9e2d2b3abcc4084c6502fc09240e292cd76a76afc106a1c8e04a"},
    {file = "decorator-5.2.1.tar.gz", hash = "sha256:65f266143752f734b0a7cc83c46f4618af75b8c5911b00ccb61d0ac9b6da0360"},
]

[[package]]
name = "exceptiongroup"
version = "1.3.1"
description = "Backport of PEP 654 (exception groups)"
optional = false
python-versions = ">=3.7"
groups = ["dev"]
markers = "python_version == \"3.10\""
files = [
    {file = "exceptiongroup-1.3.1-py3-none-any.whl", hash = "sha256:a7a39a3bd276781e98394987d3a5701d0c4edffb633bb7a5144577f82c773598"},
    {file = "exceptiongroup-1.3.1.tar.gz", hash = "sha256:8b412432c6055b0b7d14c310000ae93352ed6754f70fa8f7c34141f91c4e3219"},
]

[package.dependencies]
typing-extensions = {version = ">=4.6.0", markers = "python_version < \"3.13\""}

[package.extras]
test = ["pytest (>=6)"]

[[package]]
name = "executing"
version = "2.2.1"
description = "Get the currently executing AST node of a frame, and other information"
optional = false
python-versions = ">=3.8"
groups = ["dev"]
files = [
    {file = "executing-2.2.1-py2.py3-none-any.whl", hash = "sha256:760643d3452b4d777d295bb167ccc74c64a81df23fb5e08eff250c425a4b2017"},
    {file = "executing-2.2.1.tar.gz", hash = "sha256:3632cc370565f6648cc328b32435bd120a1e4ebb20c77e3fdde9a13cd1e533c4"},
]

[package.extras]
tests = ["asttokens (>=2.1.0)", "coverage", "coverage-enable-subprocess", "ipython", "littleutils", "pytest", "rich ; python_version >= \"3.11\""]

[[package]]
name = "invoke"
version = "3.0.3"
description = "Pythonic task execution"
optional = false
python-versions = ">=3.9"
groups = ["main"]
files = [
    {file = "invoke-3.0.3-py3-none-any.whl", hash = "sha256:f11327165e5cbb89b2ad1d88d3292b5113332c43b8553b494da435d6ec6f5053"},
    {file = "invoke-3.0.3.tar.gz", hash = "sha256:437b6a622223824380bfb4e64f612711a6b648c795f565efc8625af66fb57f0c"},
]

[[package]]
name = "ipdb"
version = "0.13.13"
description = "IPython-enabled pdb"
optional = false
python-versions = ">=2.7, !=3.0.*, !=3.1.*, !=3.2.*, !=3.3.*"
groups = ["dev"]
files = [
    {file = "ipdb-0.13.13-py3-none-any.whl", hash = "sha256:45529994741c4ab6d2388bfa5d7b725c2cf7fe9deffabdb8a6113aa5ed449ed4"},
    {file = "ipdb-0.13.13.tar.gz", hash = "sha256:e3ac6018ef05126d442af680aad863006ec19d02290561ac88b8b1c0b0cfc726"},
]

[package.dependencies]
decorator = {version = "*", markers = "python_version > \"3.6\""}
ipython = {version = ">=7.31.1", markers = "python_version > \"3.6\""}
tomli = {version = "*", markers = "python_version > \"3.6\" and python_version < \"3.11\""}

[[package]]
name = "ipython"
version = "8.39.0"
description = "IPython: Productive Interactive Computing"
optional = false
python-versions = ">=3.10"
groups = ["dev"]
files = [
    {file = "ipython-8.39.0-py3-none-any.whl", hash = "sha256:bb3c51c4fa8148ab1dea07a79584d1c854e234ea44aa1283bcb37bc75054651f"},
    {file = "ipython-8.39.0.tar.gz", hash = "sha256:4110ae96012c379b8b6db898a07e186c40a2a1ef5d57a7fa83166047d9da7624"},
]

[package.dependencies]
colorama = {version = "*", markers = "sys_platform == \"win32\""}
decorator = "*"
exceptiongroup = {version = "*", markers = "python_version < \"3.11\""}
jedi = ">=0.16"
matplotlib-inline = "*"
pexpect = {version = ">4.3", markers = "sys_platform != \"win32\" and sys_platform != \"emscripten\""}
prompt_toolkit = ">=3.0.41,<3.1.0"
pygments = ">=2.4.0"
stack_data = "*"
traitlets = ">=5.13.0"
typing_extensions = {version = ">=4.6", markers = "python_version < \"3.12\""}

[package.extras]
all = ["ipython[black,doc,kernel,matplotlib,nbconvert,nbformat,notebook,parallel,qtconsole]", "ipython[test,test-extra]"]
black = ["black"]
doc = ["docrepr", "exceptiongroup", "intersphinx_registry", "ipykernel", "ipython[test]", "matplotlib", "setuptools (>=18.5)", "sphinx (>=1.3)", "sphinx-rtd-theme", "sphinxcontrib-jquery", "tomli ; python_version < \"3.11\"", "typing_extensions"]
kernel = ["ipykernel"]
matplotlib = ["matplotlib"]
nbconvert = ["nbconvert"]
nbformat = ["nbformat"]
notebook = ["ipywidgets", "notebook"]
parallel = ["ipyparallel"]
qtconsole = ["qtconsole"]
test = ["packaging", "pickleshare", "pytest", "pytest-asyncio (<0.22)", "testpath"]
test-extra = ["curio", "ipython[test]", "jupyter_ai", "matplotlib (!=3.2.0)", "nbformat", "numpy (>=1.23)", "pandas", "trio"]

[[package]]
name = "jedi"
version = "0.19.2"
description = "An autocompletion tool for Python that can be used for text editors."
optional = false
python-versions = ">=3.6"
groups = ["dev"]
files = [
    {file = "jedi-0.19.2-py2.py3-none-any.whl", hash = "sha256:a8ef22bde8490f57fe5c7681a3c83cb58874daf72b4784de3cce5b6ef6edb5b9"},
    {file = "jedi-0.19.2.tar.gz", hash = "sha256:4770dc3de41bde3966b02eb84fbcf557fb33cce26ad23da12c742fb50ecb11f0"},
]

[package.dependencies]
parso = ">=0.8.4,<0.9.0"

[package.extras]
docs = ["Jinja2 (==2.11.3)", "MarkupSafe (==1.1.1)", "Pygments (==2.8.1)", "alabaster (==0.7.12)", "babel (==2.9.1)", "chardet (==4.0.0)", "commonmark (==0.8.1)", "docutils (==0.17.1)", "future (==0.18.2)", "idna (==2.10)", "imagesize (==1.2.0)", "mock (==1.0.1)", "packaging (==20.9)", "pyparsing (==2.4.7)", "pytz (==2021.1)", "readthedocs-sphinx-ext (==2.1.4)", "recommonmark (==0.5.0)", "requests (==2.25.1)", "six (==1.15.0)", "snowballstemmer (==2.1.0)", "sphinx (==1.8.5)", "sphinx-rtd-theme (==0.4.3)", "sphinxcontrib-serializinghtml (==1.1.4)", "sphinxcontrib-websupport (==1.2.4)", "urllib3 (==1.26.4)"]
qa = ["flake8 (==5.0.4)", "mypy (==0.971)", "types-setuptools (==67.2.0.1)"]
testing = ["Django", "attrs", "colorama", "docopt", "pytest (<9.0.0)"]

[[package]]
name = "librt"
version = "0.9.0"
description = "Mypyc runtime library"
optional = false
python-versions = ">=3.9"
groups = ["dev", "linters"]
files = [
    {file = "librt-0.9.0-cp310-cp310-macosx_10_9_x86_64.whl", hash = "sha256:2f8e12706dcb8ff6b3ed57514a19e45c49ad00bcd423e87b2b2e4b5f64578443"},
    {file = "librt-0.9.0-cp310-cp310-macosx_11_0_arm64.whl", hash = "sha256:4e3dda8345307fd7306db0ed0cb109a63a2c85ba780eb9dc2d09b2049a931f9c"},
    {file = "librt-0.9.0-cp310-cp310-manylinux1_i686.manylinux_2_28_i686.manylinux_2_5_i686.whl", hash = "sha256:de7dac64e3eb832ffc7b840eb8f52f76420cde1b845be51b2a0f6b870890645e"},
    {file = "librt-0.9.0-cp310-cp310-manylinux2014_aarch64.manylinux_2_17_aarch64.manylinux_2_28_aarch64.whl", hash = "sha256:22a904cbdb678f7cb348c90d543d3c52f581663d687992fee47fd566dcbf5285"},
    {file = "librt-0.9.0-cp310-cp310-manylinux2014_x86_64.manylinux_2_17_x86_64.manylinux_2_28_x86_64.whl", hash = "sha256:224b9727eb8bc188bc3bcf29d969dba0cd61b01d9bac80c41575520cc4baabb2"},
    {file = "librt-0.9.0-cp310-cp310-manylinux_2_31_riscv64.manylinux_2_39_riscv64.whl", hash = "sha256:e94cbc6ad9a6aeea46d775cbb11f361022f778a9cc8cc90af653d3a594b057ce"},
    {file = "librt-0.9.0-cp310-cp310-musllinux_1_2_aarch64.whl", hash = "sha256:7bc30ad339f4e1a01d4917d645e522a0bc0030644d8973f6346397c93ba1503f"},
    {file = "librt-0.9.0-cp310-cp310-musllinux_1_2_i686.whl", hash = "sha256:56d65b583cf43b8cf4c8fbe1e1da20fa3076cc32a1149a141507af1062718236"},
    {file = "librt-0.9.0-cp310-cp310-musllinux_1_2_riscv64.whl", hash = "sha256:0a1be03168b2691ba61927e299b352a6315189199ca18a57b733f86cb3cc8d38"},
    {file = "librt-0.9.0-cp310-cp310-musllinux_1_2_x86_64.whl", hash = "sha256:63c12efcd160e1d14da11af0c46c0217473e1e0d2ae1acbccc83f561ea4c2a7b"},
    {file = "librt-0.9.0-cp310-cp310-win32.whl", hash = "sha256:e9002e98dcb1c0a66723592520decd86238ddcef168b37ff6cfb559200b4b774"},
    {file = "librt-0.9.0-cp310-cp310-win_amd64.whl", hash = "sha256:9fcb461fbf70654a52a7cc670e606f04449e2374c199b1825f754e16dacfedd8"},
    {file = "librt-0.9.0-cp311-cp311-macosx_10_9_x86_64.whl", hash = "sha256:90904fac73c478f4b83f4ed96c99c8208b75e6f9a8a1910548f69a00f1eaa671"},
    {file = "librt-0.9.0-cp311-cp311-macosx_11_0_arm64.whl", hash = "sha256:789fff71757facc0738e8d89e3b84e4f0251c1c975e85e81b152cdaca927cc2d"},
    {file = "librt-0.9.0-cp311-cp311-manylinux1_i686.manylinux_2_28_i686.manylinux_2_5_i686.whl", hash = "sha256:1bf465d1e5b0a27713862441f6467b5ab76385f4ecf8f1f3a44f8aa3c695b4b6"},
    {file = "librt-0.9.0-cp311-cp311-manylinux2014_aarch64.manylinux_2_17_aarch64.manylinux_2_28_aarch64.whl", hash = "sha256:f819e0c6413e259a17a7c0d49f97f405abadd3c2a316a3b46c6440b7dbbedbb1"},
    {file = "librt-0.9.0-cp311-cp311-manylinux2014_x86_64.manylinux_2_17_x86_64.manylinux_2_28_x86_64.whl", hash = "sha256:e0785c2fb4a81e1aece366aa3e2e039f4a4d7d21aaaded5227d7f3c703427882"},
    {file = "librt-0.9.0-cp311-cp311-manylinux_2_31_riscv64.manylinux_2_39_riscv64.whl", hash = "sha256:80b25c7b570a86c03b5da69e665809deb39265476e8e21d96a9328f9762f9990"},
    {file = "librt-0.9.0-cp311-cp311-musllinux_1_2_aarch64.whl", hash = "sha256:d4d16b608a1c43d7e33142099a75cd93af482dadce0bf82421e91cad077157f4"},
    {file = "librt-0.9.0-cp311-cp311-musllinux_1_2_i686.whl", hash = "sha256:194fc1a32e1e21fe809d38b5faea66cc65eaa00217c8901fbdb99866938adbdb"},
    {file = "librt-0.9.0-cp311-cp311-musllinux_1_2_riscv64.whl", hash = "sha256:8c6bc1384d9738781cfd41d09ad7f6e8af13cfea2c75ece6bd6d2566cdea2076"},
    {file = "librt-0.9.0-cp311-cp311-musllinux_1_2_x86_64.whl", hash = "sha256:15cb151e52a044f06e54ac7f7b47adbfc89b5c8e2b63e1175a9d587c43e8942a"},
    {file = "librt-0.9.0-cp311-cp311-win32.whl", hash = "sha256:f100bfe2acf8a3689af9d0cc660d89f17286c9c795f9f18f7b62dd1a6b247ae6"},
    {file = "librt-0.9.0-cp311-cp311-win_amd64.whl", hash = "sha256:0b73e4266307e51c95e09c0750b7ec383c561d2e97d58e473f6f6a209952fbb8"},
    {file = "librt-0.9.0-cp311-cp311-win_arm64.whl", hash = "sha256:bc5518873822d2faa8ebdd2c1a4d7c8ef47b01a058495ab7924cb65bdbf5fc9a"},
    {file = "librt-0.9.0-cp312-cp312-macosx_10_13_x86_64.whl", hash = "sha256:9b3e3bc363f71bda1639a4ee593cb78f7fbfeacc73411ec0d4c92f00730010a4"},
    {file = "librt-0.9.0-cp312-cp312-macosx_11_0_arm64.whl", hash = "sha256:0a09c2f5869649101738653a9b7ab70cf045a1105ac66cbb8f4055e61df78f2d"},
    {file = "librt-0.9.0-cp312-cp312-manylinux1_i686.manylinux_2_28_i686.manylinux_2_5_i686.whl", hash = "sha256:5ca8e133d799c948db2ab1afc081c333a825b5540475164726dcbf73537e5c2f"},
    {file = "librt-0.9.0-cp312-cp312-manylinux2014_aarch64.manylinux_2_17_aarch64.manylinux_2_28_aarch64.whl", hash = "sha256:603138ee838ee1583f1b960b62d5d0007845c5c423feb68e44648b1359014e27"},
    {file = "librt-0.9.0-cp312-cp312-manylinux2014_x86_64.manylinux_2_17_x86_64.manylinux_2_28_x86_64.whl", hash = "sha256:f4003f70c56a5addd6aa0897f200dd59afd3bf7bcd5b3cce46dd21f925743bc2"},
    {file = "librt-0.9.0-cp312-cp312-manylinux_2_31_riscv64.manylinux_2_39_riscv64.whl", hash = "sha256:78042f6facfd98ecb25e9829c7e37cce23363d9d7c83bc5f72702c5059eb082b"},
    {file = "librt-0.9.0-cp312-cp312-musllinux_1_2_aarch64.whl", hash = "sha256:a361c9434a64d70a7dbb771d1de302c0cc9f13c0bffe1cf7e642152814b35265"},
    {file = "librt-0.9.0-cp312-cp312-musllinux_1_2_i686.whl", hash = "sha256:dd2c7e082b0b92e1baa4da28163a808672485617bc855cc22a2fd06978fa9084"},
    {file = "librt-0.9.0-cp312-cp312-musllinux_1_2_riscv64.whl", hash = "sha256:7e6274fd33fc5b2a14d41c9119629d3ff395849d8bcbc80cf637d9e8d2034da8"},
    {file = "librt-0.9.0-cp312-cp312-musllinux_1_2_x86_64.whl", hash = "sha256:5093043afb226ecfa1400120d1ebd4442b4f99977783e4f4f7248879009b227f"},
    {file = "librt-0.9.0-cp312-cp312-win32.whl", hash = "sha256:9edcc35d1cae9fd5320171b1a838c7da8a5c968af31e82ecc3dff30b4be0957f"},
    {file = "librt-0.9.0-cp312-cp312-win_amd64.whl", hash = "sha256:3cc2917258e131ae5f958a4d872e07555b51cb7466a43433218061c74ef33745"},
    {file = "librt-0.9.0-cp312-cp312-win_arm64.whl", hash = "sha256:90e6d5420fc8a300518d4d2288154ff45005e920425c22cbbfe8330f3f754bd9"},
    {file = "librt-0.9.0-cp313-cp313-macosx_10_13_x86_64.whl", hash = "sha256:f29b68cd9714531672db62cc54f6e8ff981900f824d13fa0e00749189e13778e"},
    {file = "librt-0.9.0-cp313-cp313-macosx_11_0_arm64.whl", hash = "sha256:7d5c8a5929ac325729f6119802070b561f4db793dffc45e9ac750992a4ed4d22"},
    {file = "librt-0.9.0-cp313-cp313-manylinux1_i686.manylinux_2_28_i686.manylinux_2_5_i686.whl", hash = "sha256:756775d25ec8345b837ab52effee3ad2f3b2dfd6bbee3e3f029c517bd5d8f05a"},
    {file = "librt-0.9.0-cp313-cp313-manylinux2014_aarch64.manylinux_2_17_aarch64.manylinux_2_28_aarch64.whl", hash = "sha256:2b8f5d00b49818f4e2b1667db994488b045835e0ac16fe2f924f3871bd2b8ac5"},
    {file = "librt-0.9.0-cp313-cp313-manylinux2014_x86_64.manylinux_2_17_x86_64.manylinux_2_28_x86_64.whl", hash = "sha256:c81aef782380f0f13ead670aae01825eb653b44b046aa0e5ebbb79f76ed4aa11"},
    {file = "librt-0.9.0-cp313-cp313-manylinux_2_31_riscv64.manylinux_2_39_riscv64.whl", hash = "sha256:66b58fed90a545328e80d575467244de3741e088c1af928f0b489ebec3ef3858"},
    {file = "librt-0.9.0-cp313-cp313-musllinux_1_2_aarch64.whl", hash = "sha256:e78fb7419e07d98c2af4b8567b72b3eaf8cb05caad642e9963465569c8b2d87e"},
    {file = "librt-0.9.0-cp313-cp313-musllinux_1_2_i686.whl", hash = "sha256:2c3786f0f4490a5cd87f1ed6cefae833ad6b1060d52044ce0434a2e85893afd0"},
    {file = "librt-0.9.0-cp313-cp313-musllinux_1_2_riscv64.whl", hash = "sha256:8494cfc61e03542f2d381e71804990b3931175a29b9278fdb4a5459948778dc2"},
    {file = "librt-0.9.0-cp313-cp313-musllinux_1_2_x86_64.whl", hash = "sha256:07cf11f769831186eeac424376e6189f20ace4f7263e2134bdb9757340d84d4d"},
    {file = "librt-0.9.0-cp313-cp313-win32.whl", hash = "sha256:850d6d03177e52700af605fd60db7f37dcb89782049a149674d1a9649c2138fd"},
    {file = "librt-0.9.0-cp313-cp313-win_amd64.whl", hash = "sha256:a5af136bfba820d592f86c67affcef9b3ff4d4360ac3255e341e964489b48519"},
    {file = "librt-0.9.0-cp313-cp313-win_arm64.whl", hash = "sha256:4c4d0440a3a8e31d962340c3e1cc3fc9ee7febd34c8d8f770d06adb947779ea5"},
    {file = "librt-0.9.0-cp314-cp314-macosx_10_13_x86_64.whl", hash = "sha256:3f05d145df35dca5056a8bc3838e940efebd893a54b3e19b2dda39ceaa299bcb"},
    {file = "librt-0.9.0-cp314-cp314-macosx_11_0_arm64.whl", hash = "sha256:1c587494461ebd42229d0f1739f3aa34237dd9980623ecf1be8d3bcba79f4499"},
    {file = "librt-0.9.0-cp314-cp314-manylinux1_i686.manylinux_2_28_i686.manylinux_2_5_i686.whl", hash = "sha256:b0a2040f801406b93657a70b72fa12311063a319fee72ce98e1524da7200171f"},
    {file = "librt-0.9.0-cp314-cp314-manylinux2014_aarch64.manylinux_2_17_aarch64.manylinux_2_28_aarch64.whl", hash = "sha256:f38bc489037eca88d6ebefc9c4d41a4e07c8e8b4de5188a9e6d290273ad7ebb1"},
    {file = "librt-0.9.0-cp314-cp314-manylinux2014_x86_64.manylinux_2_17_x86_64.manylinux_2_28_x86_64.whl", hash = "sha256:f3fd278f5e6bf7c75ccd6d12344eb686cc020712683363b66f46ac79d37c799f"},
    {file = "librt-0.9.0-cp314-cp314-manylinux_2_31_riscv64.manylinux_2_39_riscv64.whl", hash = "sha256:fcbdf2a9ca24e87bbebb47f1fe34e531ef06f104f98c9ccfc953a3f3344c567a"},
    {file = "librt-0.9.0-cp314-cp314-musllinux_1_2_aarch64.whl", hash = "sha256:e306d956cfa027fe041585f02a1602c32bfa6bb8ebea4899d373383295a6c62f"},
    {file = "librt-0.9.0-cp314-cp314-musllinux_1_2_i686.whl", hash = "sha256:465814ab157986acb9dfa5ccd7df944be5eefc0d08d31ec6e8d88bc71251d845"},
    {file = "librt-0.9.0-cp314-cp314-musllinux_1_2_riscv64.whl", hash = "sha256:703f4ae36d6240bfe24f542bac784c7e4194ec49c3ba5a994d02891649e2d85b"},
    {file = "librt-0.9.0-cp314-cp314-musllinux_1_2_x86_64.whl", hash = "sha256:3be322a15ee5e70b93b7a59cfd074614f22cc8c9ff18bd27f474e79137ea8d3b"},
    {file = "librt-0.9.0-cp314-cp314-win32.whl", hash = "sha256:b8da9f8035bb417770b1e1610526d87ad4fc58a2804dc4d79c53f6d2cf5a6eb9"},
    {file = "librt-0.9.0-cp314-cp314-win_amd64.whl", hash = "sha256:b8bd70d5d816566a580d193326912f4a76ec2d28a97dc4cd4cc831c0af8e330e"},
    {file = "librt-0.9.0-cp314-cp314-win_arm64.whl", hash = "sha256:fc5758e2b7a56532dc33e3c544d78cbaa9ecf0a0f2a2da2df882c1d6b99a317f"},
    {file = "librt-0.9.0-cp314-cp314t-macosx_10_13_x86_64.whl", hash = "sha256:f24b90b0e0c8cc9491fb1693ae91fe17cb7963153a1946395acdbdd5818429a4"},
    {file = "librt-0.9.0-cp314-cp314t-macosx_11_0_arm64.whl", hash = "sha256:3fe56e80badb66fdcde06bef81bbaa5bfcf6fbd7aefb86222d9e369c38c6b228"},
    {file = "librt-0.9.0-cp314-cp314t-manylinux1_i686.manylinux_2_28_i686.manylinux_2_5_i686.whl", hash = "sha256:527b5b820b47a09e09829051452bb0d1dd2122261254e2a6f674d12f1d793d54"},
    {file = "librt-0.9.0-cp314-cp314t-manylinux2014_aarch64.manylinux_2_17_aarch64.manylinux_2_28_aarch64.whl", hash = "sha256:7d429bdd4ac0ab17c8e4a8af0ed2a7440b16eba474909ab357131018fe8c7e71"},
    {file = "librt-0.9.0-cp314-cp314t-manylinux2014_x86_64.manylinux_2_17_x86_64.manylinux_2_28_x86_64.whl", hash = "sha256:7202bdcac47d3a708271c4304a474a8605a4a9a4a709e954bf2d3241140aa938"},
    {file = "librt-0.9.0-cp314-cp314t-manylinux_2_31_riscv64.manylinux_2_39_riscv64.whl", hash = "sha256:c0d620e74897f8c2613b3c4e2e9c1e422eb46d2ddd07df540784d44117836af3"},
    {file = "librt-0.9.0-cp314-cp314t-musllinux_1_2_aarch64.whl", hash = "sha256:d69fc39e627908f4c03297d5a88d9284b73f4d90b424461e32e8c2485e21c283"},
    {file = "librt-0.9.0-cp314-cp314t-musllinux_1_2_i686.whl", hash = "sha256:c2640e23d2b7c98796f123ffd95cf2022c7777aa8a4a3b98b36c570d37e85eee"},
    {file = "librt-0.9.0-cp314-cp314t-musllinux_1_2_riscv64.whl", hash = "sha256:451daa98463b7695b0a30aa56bf637831ea559e7b8101ac2ef6382e8eb15e29c"},
    {file = "librt-0.9.0-cp314-cp314t-musllinux_1_2_x86_64.whl", hash = "sha256:928bd06eca2c2bbf4349e5b817f837509b0604342e65a502de1d50a7570afd15"},
    {file = "librt-0.9.0-cp314-cp314t-win32.whl", hash = "sha256:a9c63e04d003bc0fb6a03b348018b9a3002f98268200e22cc80f146beac5dc40"},
    {file = "librt-0.9.0-cp314-cp314t-win_amd64.whl", hash = "sha256:f162af66a2ed3f7d1d161a82ca584efd15acd9c1cff190a373458c32f7d42118"},
    {file = "librt-0.9.0-cp314-cp314t-win_arm64.whl", hash = "sha256:a4b25c6c25cac5d0d9d6d6da855195b254e0021e513e0249f0e3b444dc6e0e61"},
    {file = "librt-0.9.0-cp39-cp39-macosx_10_9_x86_64.whl", hash = "sha256:5112c2fb7c2eefefaeaf5c97fec81343ef44ee86a30dcfaa8223822fba6467b4"},
    {file = "librt-0.9.0-cp39-cp39-macosx_11_0_arm64.whl", hash = "sha256:a81eea9b999b985e4bacc650c4312805ea7008fd5e45e1bf221310176a7bcb3a"},
    {file = "librt-0.9.0-cp39-cp39-manylinux1_i686.manylinux_2_28_i686.manylinux_2_5_i686.whl", hash = "sha256:eea1b54943475f51698f85fa230c65ccac769f1e603b981be060ac5763d90927"},
    {file = "librt-0.9.0-cp39-cp39-manylinux2014_aarch64.manylinux_2_17_aarch64.manylinux_2_28_aarch64.whl", hash = "sha256:81107843ed1836874b46b310f9b1816abcb89912af627868522461c3b7333c0f"},
    {file = "librt-0.9.0-cp39-cp39-manylinux2014_x86_64.manylinux_2_17_x86_64.manylinux_2_28_x86_64.whl", hash = "sha256:aa95738a68cedd3a6f5492feddc513e2e166b50602958139e47bbdd82da0f5a7"},
    {file = "librt-0.9.0-cp39-cp39-manylinux_2_31_riscv64.manylinux_2_39_riscv64.whl", hash = "sha256:6788207daa0c19955d2b668f3294a368d19f67d9b5f274553fd073c1260cbb9f"},
    {file = "librt-0.9.0-cp39-cp39-musllinux_1_2_aarch64.whl", hash = "sha256:f48c963a76d71b9d7927eb817b543d0dccd52ab6648b99d37bd54f4cd475d856"},
    {file = "librt-0.9.0-cp39-cp39-musllinux_1_2_i686.whl", hash = "sha256:42ff8a962554c350d4a83cf47d9b7b78b0e6ff7943e87df7cdfc97c07f3c016f"},
    {file = "librt-0.9.0-cp39-cp39-musllinux_1_2_riscv64.whl", hash = "sha256:657f8ba7b9eaaa82759a104137aed2a3ef7bc46ccfd43e0d89b04005b3e0a4cc"},
    {file = "librt-0.9.0-cp39-cp39-musllinux_1_2_x86_64.whl", hash = "sha256:2d03fa4fd277a7974c1978c92c374c57f44edeee163d147b477b143446ad1bf6"},
    {file = "librt-0.9.0-cp39-cp39-win32.whl", hash = "sha256:d9da80e5b04acce03ced8ba6479a71c2a2edf535c2acc0d09c80d2f80f3bad15"},
    {file = "librt-0.9.0-cp39-cp39-win_amd64.whl", hash = "sha256:54d412e47c21b85865676ed0724e37a89e9593c2eee1e7367adf85bfad56ffb1"},
    {file = "librt-0.9.0.tar.gz", hash = "sha256:a0951822531e7aee6e0dfb556b30d5ee36bbe234faf60c20a16c01be3530869d"},
]

[[package]]
name = "markdown-it-py"
version = "4.0.0"
description = "Python port of markdown-it. Markdown parsing, done right!"
optional = false
python-versions = ">=3.10"
groups = ["main"]
files = [
    {file = "markdown_it_py-4.0.0-py3-none-any.whl", hash = "sha256:87327c59b172c5011896038353a81343b6754500a08cd7a4973bb48c6d578147"},
    {file = "markdown_it_py-4.0.0.tar.gz", hash = "sha256:cb0a2b4aa34f932c007117b194e945bd74e0ec24133ceb5bac59009cda1cb9f3"},
]

[package.dependencies]
mdurl = ">=0.1,<1.0"

[package.extras]
benchmarking = ["psutil", "pytest", "pytest-benchmark"]
compare = ["commonmark (>=0.9,<1.0)", "markdown (>=3.4,<4.0)", "markdown-it-pyrs", "mistletoe (>=1.0,<2.0)", "mistune (>=3.0,<4.0)", "panflute (>=2.3,<3.0)"]
linkify = ["linkify-it-py (>=1,<3)"]
plugins = ["mdit-py-plugins (>=0.5.0)"]
profiling = ["gprof2dot"]
rtd = ["ipykernel", "jupyter_sphinx", "mdit-py-plugins (>=0.5.0)", "myst-parser", "pyyaml", "sphinx", "sphinx-book-theme (>=1.0,<2.0)", "sphinx-copybutton", "sphinx-design"]
testing = ["coverage", "pytest", "pytest-cov", "pytest-regressions", "requests"]

[[package]]
name = "matplotlib-inline"
version = "0.2.1"
description = "Inline Matplotlib backend for Jupyter"
optional = false
python-versions = ">=3.9"
groups = ["dev"]
files = [
    {file = "matplotlib_inline-0.2.1-py3-none-any.whl", hash = "sha256:d56ce5156ba6085e00a9d54fead6ed29a9c47e215cd1bba2e976ef39f5710a76"},
    {file = "matplotlib_inline-0.2.1.tar.gz", hash = "sha256:e1ee949c340d771fc39e241ea75683deb94762c8fa5f2927ec57c83c4dffa9fe"},
]

[package.dependencies]
traitlets = "*"

[package.extras]
test = ["flake8", "nbdime", "nbval", "notebook", "pytest"]

[[package]]
name = "mdurl"
version = "0.1.2"
description = "Markdown URL utilities"
optional = false
python-versions = ">=3.7"
groups = ["main"]
files = [
    {file = "mdurl-0.1.2-py3-none-any.whl", hash = "sha256:84008a41e51615a49fc9966191ff91509e3c40b939176e643fd50a5c2196b8f8"},
    {file = "mdurl-0.1.2.tar.gz", hash = "sha256:bb413d29f5eea38f31dd4754dd7377d4465116fb207585f97bf925588687c1ba"},
]

[[package]]
name = "mypy"
version = "1.20.1"
description = "Optional static typing for Python"
optional = false
python-versions = ">=3.10"
groups = ["linters"]
files = [
    {file = "mypy-1.20.1-cp310-cp310-macosx_10_9_x86_64.whl", hash = "sha256:3ba5d1e712ada9c3b6223dcbc5a31dac334ed62991e5caa17bcf5a4ddc349af0"},
    {file = "mypy-1.20.1-cp310-cp310-macosx_11_0_arm64.whl", hash = "sha256:2e731284c117b0987fb1e6c5013a56f33e7faa1fce594066ab83876183ce1c66"},
    {file = "mypy-1.20.1-cp310-cp310-manylinux2014_aarch64.manylinux_2_17_aarch64.manylinux_2_28_aarch64.whl", hash = "sha256:f8e945b872a05f4fbefabe2249c0b07b6b194e5e11a86ebee9edf855de09806c"},
    {file = "mypy-1.20.1-cp310-cp310-manylinux2014_x86_64.manylinux_2_17_x86_64.manylinux_2_28_x86_64.whl", hash = "sha256:2fc88acef0dc9b15246502b418980478c1bfc9702057a0e1e7598d01a7af8937"},
    {file = "mypy-1.20.1-cp310-cp310-musllinux_1_2_x86_64.whl", hash = "sha256:14911a115c73608f155f648b978c5055d16ff974e6b1b5512d7fedf4fa8b15c6"},
    {file = "mypy-1.20.1-cp310-cp310-win_amd64.whl", hash = "sha256:76d9b4c992cca3331d9793ef197ae360ea44953cf35beb2526e95b9e074f2866"},
    {file = "mypy-1.20.1-cp310-cp310-win_arm64.whl", hash = "sha256:b408722f80be44845da555671a5ef3a0c63f51ca5752b0c20e992dc9c0fbd3cd"},
    {file = "mypy-1.20.1-cp311-cp311-macosx_10_9_x86_64.whl", hash = "sha256:c01eb9bac2c6a962d00f9d23421cd2913840e65bba365167d057bd0b4171a92e"},
    {file = "mypy-1.20.1-cp311-cp311-macosx_11_0_arm64.whl", hash = "sha256:55d12ddbd8a9cac5b276878bd534fa39fff5bf543dc6ae18f25d30c8d7d27fca"},
    {file = "mypy-1.20.1-cp311-cp311-manylinux2014_aarch64.manylinux_2_17_aarch64.manylinux_2_28_aarch64.whl", hash = "sha256:c0aa322c1468b6cdfc927a44ce130f79bb44bcd34eb4a009eb9f96571fd80955"},
    {file = "mypy-1.20.1-cp311-cp311-manylinux2014_x86_64.manylinux_2_17_x86_64.manylinux_2_28_x86_64.whl", hash = "sha256:3f8bc95899cf676b6e2285779a08a998cc3a7b26f1026752df9d2741df3c79e8"},
    {file = "mypy-1.20.1-cp311-cp311-musllinux_1_2_x86_64.whl", hash = "sha256:47c2b90191a870a04041e910277494b0d92f0711be9e524d45c074fe60c00b65"},
    {file = "mypy-1.20.1-cp311-cp311-win_amd64.whl", hash = "sha256:9857dc8d2ec1a392ffbda518075beb00ac58859979c79f9e6bdcb7277082c2f2"},
    {file = "mypy-1.20.1-cp311-cp311-win_arm64.whl", hash = "sha256:09d8df92bb25b6065ab91b178da843dda67b33eb819321679a6e98a907ce0e10"},
    {file = "mypy-1.20.1-cp312-cp312-macosx_10_13_x86_64.whl", hash = "sha256:36ee2b9c6599c230fea89bbd79f401f9f9f8e9fcf0c777827789b19b7da90f51"},
    {file = "mypy-1.20.1-cp312-cp312-macosx_11_0_arm64.whl", hash = "sha256:fba3fb0968a7b48806b0c90f38d39296f10766885a94c83bd21399de1e14eb28"},
    {file = "mypy-1.20.1-cp312-cp312-manylinux2014_aarch64.manylinux_2_17_aarch64.manylinux_2_28_aarch64.whl", hash = "sha256:ef1415a637cd3627d6304dfbeddbadd21079dafc2a8a753c477ce4fc0c2af54f"},
    {file = "mypy-1.20.1-cp312-cp312-manylinux2014_x86_64.manylinux_2_17_x86_64.manylinux_2_28_x86_64.whl", hash = "sha256:ef3461b1ad5cd446e540016e90b5984657edda39f982f4cc45ca317b628f5a37"},
    {file = "mypy-1.20.1-cp312-cp312-musllinux_1_2_x86_64.whl", hash = "sha256:542dd63c9e1339b6092eb25bd515f3a32a1453aee8c9521d2ddb17dacd840237"},
    {file = "mypy-1.20.1-cp312-cp312-win_amd64.whl", hash = "sha256:1d55c7cd8ca22e31f93af2a01160a9e95465b5878de23dba7e48116052f20a8d"},
    {file = "mypy-1.20.1-cp312-cp312-win_arm64.whl", hash = "sha256:f5b84a79070586e0d353ee07b719d9d0a4aa7c8ee90c0ea97747e98cbe193019"},
    {file = "mypy-1.20.1-cp313-cp313-macosx_10_13_x86_64.whl", hash = "sha256:8f3886c03e40afefd327bd70b3f634b39ea82e87f314edaa4d0cce4b927ddcc1"},
    {file = "mypy-1.20.1-cp313-cp313-macosx_11_0_arm64.whl", hash = "sha256:e860eb3904f9764e83bafd70c8250bdffdc7dde6b82f486e8156348bf7ceb184"},
    {file = "mypy-1.20.1-cp313-cp313-manylinux2014_aarch64.manylinux_2_17_aarch64.manylinux_2_28_aarch64.whl", hash = "sha256:a4b5aac6e785719da51a84f5d09e9e843d473170a9045b1ea7ea1af86225df4b"},
    {file = "mypy-1.20.1-cp313-cp313-manylinux2014_x86_64.manylinux_2_17_x86_64.manylinux_2_28_x86_64.whl", hash = "sha256:f37b6cd0fe2ad3a20f05ace48ca3523fc52ff86940e34937b439613b6854472e"},
    {file = "mypy-1.20.1-cp313-cp313-musllinux_1_2_x86_64.whl", hash = "sha256:e4bbb0f6b54ce7cc350ef4a770650d15fa70edd99ad5267e227133eda9c94218"},
    {file = "mypy-1.20.1-cp313-cp313-win_amd64.whl", hash = "sha256:c3dc20f8ec76eecd77148cdd2f1542ed496e51e185713bf488a414f862deb8f2"},
    {file = "mypy-1.20.1-cp313-cp313-win_arm64.whl", hash = "sha256:a9d62bbac5d6d46718e2b0330b25e6264463ed832722b8f7d4440ff1be3ca895"},
    {file = "mypy-1.20.1-cp314-cp314-macosx_10_15_x86_64.whl", hash = "sha256:12927b9c0ed794daedcf1dab055b6c613d9d5659ac511e8d936d96f19c087d12"},
    {file = "mypy-1.20.1-cp314-cp314-macosx_11_0_arm64.whl", hash = "sha256:752507dd481e958b2c08fc966d3806c962af5a9433b5bf8f3bdd7175c20e34fe"},
    {file = "mypy-1.20.1-cp314-cp314-manylinux2014_aarch64.manylinux_2_17_aarch64.manylinux_2_28_aarch64.whl", hash = "sha256:c614655b5a065e56274c6cbbe405f7cf7e96c0654db7ba39bc680238837f7b08"},
    {file = "mypy-1.20.1-cp314-cp314-manylinux2014_x86_64.manylinux_2_17_x86_64.manylinux_2_28_x86_64.whl", hash = "sha256:2c3f6221a76f34d5100c6d35b3ef6b947054123c3f8d6938a4ba00b1308aa572"},
    {file = "mypy-1.20.1-cp314-cp314-musllinux_1_2_x86_64.whl", hash = "sha256:4bdfc06303ac06500af71ea0cdbe995c502b3c9ba32f3f8313523c137a25d1b6"},
    {file = "mypy-1.20.1-cp314-cp314-win_amd64.whl", hash = "sha256:0131edd7eba289973d1ba1003d1a37c426b85cdef76650cd02da6420898a5eb3"},
    {file = "mypy-1.20.1-cp314-cp314-win_arm64.whl", hash = "sha256:33f02904feb2c07e1fdf7909026206396c9deeb9e6f34d466b4cfedb0aadbbe4"},
    {file = "mypy-1.20.1-cp314-cp314t-macosx_10_15_x86_64.whl", hash = "sha256:168472149dd8cc505c98cefd21ad77e4257ed6022cd5ed2fe2999bed56977a5a"},
    {file = "mypy-1.20.1-cp314-cp314t-macosx_11_0_arm64.whl", hash = "sha256:eb674600309a8f22790cca883a97c90299f948183ebb210fbef6bcee07cb1986"},
    {file = "mypy-1.20.1-cp314-cp314t-manylinux2014_aarch64.manylinux_2_17_aarch64.manylinux_2_28_aarch64.whl", hash = "sha256:ef2b2e4cc464ba9795459f2586923abd58a0055487cbe558cb538ea6e6bc142a"},
    {file = "mypy-1.20.1-cp314-cp314t-manylinux2014_x86_64.manylinux_2_17_x86_64.manylinux_2_28_x86_64.whl", hash = "sha256:dee461d396dd46b3f0ed5a098dbc9b8860c81c46ad44fa071afcfbc149f167c9"},
    {file = "mypy-1.20.1-cp314-cp314t-musllinux_1_2_x86_64.whl", hash = "sha256:e364926308b3e66f1361f81a566fc1b2f8cd47fc8525e8136d4058a65a4b4f02"},
    {file = "mypy-1.20.1-cp314-cp314t-win_amd64.whl", hash = "sha256:a0c17fbd746d38c70cbc42647cfd884f845a9708a4b160a8b4f7e70d41f4d7fa"},
    {file = "mypy-1.20.1-cp314-cp314t-win_arm64.whl", hash = "sha256:db2cb89654626a912efda69c0d5c1d22d948265e2069010d3dde3abf751c7d08"},
    {file = "mypy-1.20.1-py3-none-any.whl", hash = "sha256:1aae28507f253fe82d883790d1c0a0d35798a810117c88184097fe8881052f06"},
    {file = "mypy-1.20.1.tar.gz", hash = "sha256:6fc3f4ecd52de81648fed1945498bf42fa2993ddfad67c9056df36ae5757f804"},
]

[package.dependencies]
librt = {version = ">=0.8.0", markers = "platform_python_implementation != \"PyPy\""}
mypy_extensions = ">=1.0.0"
pathspec = ">=1.0.0"
tomli = {version = ">=1.1.0", markers = "python_version < \"3.11\""}
typing_extensions = ">=4.6.0"

[package.extras]
dmypy = ["psutil (>=4.0)"]
faster-cache = ["orjson"]
install-types = ["pip"]
mypyc = ["setuptools (>=50)"]
native-parser = ["ast-serialize (>=0.1.1,<1.0.0)"]
reports = ["lxml"]

[[package]]
name = "mypy-extensions"
version = "1.1.0"
description = "Type system extensions for programs checked with the mypy type checker."
optional = false
python-versions = ">=3.8"
groups = ["linters"]
files = [
    {file = "mypy_extensions-1.1.0-py3-none-any.whl", hash = "sha256:1be4cccdb0f2482337c4743e60421de3a356cd97508abadd57d47403e94f5505"},
    {file = "mypy_extensions-1.1.0.tar.gz", hash = "sha256:52e68efc3284861e772bbcd66823fde5ae21fd2fdb51c62a211403730b916558"},
]

[[package]]
name = "parso"
version = "0.8.6"
description = "A Python Parser"
optional = false
python-versions = ">=3.6"
groups = ["dev"]
files = [
    {file = "parso-0.8.6-py2.py3-none-any.whl", hash = "sha256:2c549f800b70a5c4952197248825584cb00f033b29c692671d3bf08bf380baff"},
    {file = "parso-0.8.6.tar.gz", hash = "sha256:2b9a0332696df97d454fa67b81618fd69c35a7b90327cbe6ba5c92d2c68a7bfd"},
]

[package.extras]
qa = ["flake8 (==5.0.4)", "types-setuptools (==67.2.0.1)", "zuban (==0.5.1)"]
testing = ["docopt", "pytest"]

[[package]]
name = "pathspec"
version = "1.0.4"
description = "Utility library for gitignore style pattern matching of file paths."
optional = false
python-versions = ">=3.9"
groups = ["linters"]
files = [
    {file = "pathspec-1.0.4-py3-none-any.whl", hash = "sha256:fb6ae2fd4e7c921a165808a552060e722767cfa526f99ca5156ed2ce45a5c723"},
    {file = "pathspec-1.0.4.tar.gz", hash = "sha256:0210e2ae8a21a9137c0d470578cb0e595af87edaa6ebf12ff176f14a02e0e645"},
]

[package.extras]
hyperscan = ["hyperscan (>=0.7)"]
optional = ["typing-extensions (>=4)"]
re2 = ["google-re2 (>=1.1)"]
tests = ["pytest (>=9)", "typing-extensions (>=4.15)"]

[[package]]
name = "pexpect"
version = "4.9.0"
description = "Pexpect allows easy control of interactive console applications."
optional = false
python-versions = "*"
groups = ["dev"]
markers = "sys_platform != \"win32\" and sys_platform != \"emscripten\""
files = [
    {file = "pexpect-4.9.0-py2.py3-none-any.whl", hash = "sha256:7236d1e080e4936be2dc3e326cec0af72acf9212a7e1d060210e70a47e253523"},
    {file = "pexpect-4.9.0.tar.gz", hash = "sha256:ee7d41123f3c9911050ea2c2dac107568dc43b2d3b0c7557a33212c398ead30f"},
]

[package.dependencies]
ptyprocess = ">=0.5"

[[package]]
name = "prek"
version = "0.3.9"
description = "A Git hook manager written in Rust, designed as a drop-in alternative to pre-commit."
optional = false
python-versions = ">=3.8"
groups = ["dev"]
files = [
    {file = "prek-0.3.9-py3-none-linux_armv6l.whl", hash = "sha256:3ed793d51bfaa27bddb64d525d7acb77a7c8644f549412d82252e3eb0b88aad8"},
    {file = "prek-0.3.9-py3-none-macosx_10_12_x86_64.whl", hash = "sha256:399c58400c0bd0b82a93a3c09dc1bfd88d8d0cfb242d414d2ed247187b06ead1"},
    {file = "prek-0.3.9-py3-none-macosx_11_0_arm64.whl", hash = "sha256:e2ea1ffb124e92f081b8e2ca5b5a623a733efb3be0c5b1f4b7ffe2ee17d1f20c"},
    {file = "prek-0.3.9-py3-none-manylinux_2_17_aarch64.manylinux2014_aarch64.musllinux_1_1_aarch64.whl", hash = "sha256:aaf639f95b7301639298311d8d44aad0d0b4864e9736083ad3c71ce9765d37ab"},
    {file = "prek-0.3.9-py3-none-manylinux_2_17_armv7l.manylinux2014_armv7l.whl", hash = "sha256:ff104863b187fa443ea8451ca55d51e2c6e94f99f00d88784b5c3c4c623f1ebe"},
    {file = "prek-0.3.9-py3-none-manylinux_2_17_i686.manylinux2014_i686.whl", hash = "sha256:039ecaf87c63a3e67cca645ebd5bc5eb6aafa6c9d929e9a27b2921e7849d7ef9"},
    {file = "prek-0.3.9-py3-none-manylinux_2_17_s390x.manylinux2014_s390x.whl", hash = "sha256:3bde2a3d045705095983c7f78ba04f72a7565fe1c2b4e85f5628502a254754ff"},
    {file = "prek-0.3.9-py3-none-manylinux_2_17_x86_64.manylinux2014_x86_64.whl", hash = "sha256:28a0960a21543563e2c8e19aaad176cc8423a87aac3c914d0f313030d7a9244a"},
    {file = "prek-0.3.9-py3-none-manylinux_2_28_aarch64.whl", hash = "sha256:0dfb5d5171d7523271909246ee306b4dc3d5b63752e7dd7c7e8a8908fc9490d1"},
    {file = "prek-0.3.9-py3-none-manylinux_2_31_riscv64.whl", hash = "sha256:82b791bd36c1430c84d3ae7220a85152babc7eaf00f70adcb961bd594e756ba3"},
    {file = "prek-0.3.9-py3-none-musllinux_1_1_armv7l.whl", hash = "sha256:6eac6d2f736b041118f053a1487abed468a70dd85a8688eaf87bb42d3dcecf20"},
    {file = "prek-0.3.9-py3-none-musllinux_1_1_i686.whl", hash = "sha256:5517e46e761367a3759b3168eabc120840ffbca9dfbc53187167298a98f87dc4"},
    {file = "prek-0.3.9-py3-none-musllinux_1_1_x86_64.whl", hash = "sha256:92024778cf78683ca32687bb249ab6a7d5c33887b5ee1d1a9f6d0c14228f4cf3"},
    {file = "prek-0.3.9-py3-none-win32.whl", hash = "sha256:7f89c55e5f480f5d073769e319924ad69d4bf9f98c5cb46a83082e26e634c958"},
    {file = "prek-0.3.9-py3-none-win_amd64.whl", hash = "sha256:7722f3372eaa83b147e70a43cb7b9fe2128c13d0c78d8a1cdbf2a8ec2ee071eb"},
    {file = "prek-0.3.9-py3-none-win_arm64.whl", hash = "sha256:0bced6278d6cc8a4b46048979e36bc9da034611dc8facd77ab123177b833a929"},
    {file = "prek-0.3.9.tar.gz", hash = "sha256:f82b92d81f42f1f90a47f5fbbf492373e25ef1f790080215b2722dd6da66510e"},
]

[[package]]
name = "prompt-toolkit"
version = "3.0.52"
description = "Library for building powerful interactive command lines in Python"
optional = false
python-versions = ">=3.8"
groups = ["dev"]
files = [
    {file = "prompt_toolkit-3.0.52-py3-none-any.whl", hash = "sha256:9aac639a3bbd33284347de5ad8d68ecc044b91a762dc39b7c21095fcd6a19955"},
    {file = "prompt_toolkit-3.0.52.tar.gz", hash = "sha256:28cde192929c8e7321de85de1ddbe736f1375148b02f2e17edd840042b1be855"},
]

[package.dependencies]
wcwidth = "*"

[[package]]
name = "ptyprocess"
version = "0.7.0"
description = "Run a subprocess in a pseudo terminal"
optional = false
python-versions = "*"
groups = ["dev"]
markers = "sys_platform != \"win32\" and sys_platform != \"emscripten\""
files = [
    {file = "ptyprocess-0.7.0-py2.py3-none-any.whl", hash = "sha256:4b41f3967fce3af57cc7e94b888626c18bf37a083e3651ca8feeb66d492fef35"},
    {file = "ptyprocess-0.7.0.tar.gz", hash = "sha256:5c5d0a3b48ceee0b48485e0c26037c0acd7d29765ca3fbb5cb3831d347423220"},
]

[[package]]
name = "pure-eval"
version = "0.2.3"
description = "Safely evaluate AST nodes without side effects"
optional = false
python-versions = "*"
groups = ["dev"]
files = [
    {file = "pure_eval-0.2.3-py3-none-any.whl", hash = "sha256:1db8e35b67b3d218d818ae653e27f06c3aa420901fa7b081ca98cbedc874e0d0"},
    {file = "pure_eval-0.2.3.tar.gz", hash = "sha256:5f4e983f40564c576c7c8635ae88db5956bb2229d7e9237d03b3c0b0190eaf42"},
]

[package.extras]
tests = ["pytest"]

[[package]]
name = "pygments"
version = "2.20.0"
description = "Pygments is a syntax highlighting package written in Python."
optional = false
python-versions = ">=3.9"
groups = ["main", "dev"]
files = [
    {file = "pygments-2.20.0-py3-none-any.whl", hash = "sha256:81a9e26dd42fd28a23a2d169d86d7ac03b46e2f8b59ed4698fb4785f946d0176"},
    {file = "pygments-2.20.0.tar.gz", hash = "sha256:6757cd03768053ff99f3039c1a36d6c0aa0b263438fcab17520b30a303a82b5f"},
]

[package.extras]
windows-terminal = ["colorama (>=0.4.6)"]

[[package]]
name = "python-decouple"
version = "3.8"
description = "Strict separation of settings from code."
optional = true
python-versions = "*"
groups = ["main"]
markers = "extra == \"env-settings\""
files = [
    {file = "python-decouple-3.8.tar.gz", hash = "sha256:ba6e2657d4f376ecc46f77a3a615e058d93ba5e465c01bbe57289bfb7cce680f"},
    {file = "python_decouple-3.8-py3-none-any.whl", hash = "sha256:d0d45340815b25f4de59c974b855bb38d03151d81b037d9e3f463b0c9f8cbd66"},
]

[[package]]
name = "rich"
version = "15.0.0"
description = "Render rich text, tables, progress bars, syntax highlighting, markdown and more to the terminal"
optional = false
python-versions = ">=3.9.0"
groups = ["main"]
files = [
    {file = "rich-15.0.0-py3-none-any.whl", hash = "sha256:33bd4ef74232fb73fe9279a257718407f169c09b78a87ad3d296f548e27de0bb"},
    {file = "rich-15.0.0.tar.gz", hash = "sha256:edd07a4824c6b40189fb7ac9bc4c52536e9780fbbfbddf6f1e2502c31b068c36"},
]

[package.dependencies]
markdown-it-py = ">=2.2.0"
pygments = ">=2.13.0,<3.0.0"

[package.extras]
jupyter = ["ipywidgets (>=7.5.1,<9)"]

[[package]]
name = "stack-data"
version = "0.6.3"
description = "Extract data from python stack frames and tracebacks for informative displays"
optional = false
python-versions = "*"
groups = ["dev"]
files = [
    {file = "stack_data-0.6.3-py3-none-any.whl", hash = "sha256:d5558e0c25a4cb0853cddad3d77da9891a08cb85dd9f9f91b9f8cd66e511e695"},
    {file = "stack_data-0.6.3.tar.gz", hash = "sha256:836a778de4fec4dcd1dcd89ed8abff8a221f58308462e1c4aa2a3cf30148f0b9"},
]

[package.dependencies]
asttokens = ">=2.1.0"
executing = ">=1.2.0"
pure-eval = "*"

[package.extras]
tests = ["cython", "littleutils", "pygments", "pytest", "typeguard"]

[[package]]
name = "tomli"
version = "2.4.1"
description = "A lil' TOML parser"
optional = false
python-versions = ">=3.8"
groups = ["dev", "linters"]
markers = "python_version == \"3.10\""
files = [
    {file = "tomli-2.4.1-cp311-cp311-macosx_10_9_x86_64.whl", hash = "sha256:f8f0fc26ec2cc2b965b7a3b87cd19c5c6b8c5e5f436b984e85f486d652285c30"},
    {file = "tomli-2.4.1-cp311-cp311-macosx_11_0_arm64.whl", hash = "sha256:4ab97e64ccda8756376892c53a72bd1f964e519c77236368527f758fbc36a53a"},
    {file = "tomli-2.4.1-cp311-cp311-manylinux2014_aarch64.manylinux_2_17_aarch64.manylinux_2_28_aarch64.whl", hash = "sha256:96481a5786729fd470164b47cdb3e0e58062a496f455ee41b4403be77cb5a076"},
    {file = "tomli-2.4.1-cp311-cp311-manylinux2014_x86_64.manylinux_2_17_x86_64.manylinux_2_28_x86_64.whl", hash = "sha256:5a881ab208c0baf688221f8cecc5401bd291d67e38a1ac884d6736cbcd8247e9"},
    {file = "tomli-2.4.1-cp311-cp311-musllinux_1_2_aarch64.whl", hash = "sha256:47149d5bd38761ac8be13a84864bf0b7b70bc051806bc3669ab1cbc56216b23c"},
    {file = "tomli-2.4.1-cp311-cp311-musllinux_1_2_x86_64.whl", hash = "sha256:ec9bfaf3ad2df51ace80688143a6a4ebc09a248f6ff781a9945e51937008fcbc"},
    {file = "tomli-2.4.1-cp311-cp311-win32.whl", hash = "sha256:ff2983983d34813c1aeb0fa89091e76c3a22889ee83ab27c5eeb45100560c049"},
    {file = "tomli-2.4.1-cp311-cp311-win_amd64.whl", hash = "sha256:5ee18d9ebdb417e384b58fe414e8d6af9f4e7a0ae761519fb50f721de398dd4e"},
    {file = "tomli-2.4.1-cp311-cp311-win_arm64.whl", hash = "sha256:c2541745709bad0264b7d4705ad453b76ccd191e64aa6f0fc66b69a293a45ece"},
    {file = "tomli-2.4.1-cp312-cp312-macosx_10_13_x86_64.whl", hash = "sha256:c742f741d58a28940ce01d58f0ab2ea3ced8b12402f162f4d534dfe18ba1cd6a"},
    {file = "tomli-2.4.1-cp312-cp312-macosx_11_0_arm64.whl", hash = "sha256:7f86fd587c4ed9dd76f318225e7d9b29cfc5a9d43de44e5754db8d1128487085"},
    {file = "tomli-2.4.1-cp312-cp312-manylinux2014_aarch64.manylinux_2_17_aarch64.manylinux_2_28_aarch64.whl", hash = "sha256:ff18e6a727ee0ab0388507b89d1bc6a22b138d1e2fa56d1ad494586d61d2eae9"},
    {file = "tomli-2.4.1-cp312-cp312-manylinux2014_x86_64.manylinux_2_17_x86_64.manylinux_2_28_x86_64.whl", hash = "sha256:136443dbd7e1dee43c68ac2694fde36b2849865fa258d39bf822c10e8068eac5"},
    {file = "tomli-2.4.1-cp312-cp312-musllinux_1_2_aarch64.whl", hash = "sha256:5e262d41726bc187e69af7825504c933b6794dc3fbd5945e41a79bb14c31f585"},
    {file = "tomli-2.4.1-cp312-cp312-musllinux_1_2_x86_64.whl", hash = "sha256:5cb41aa38891e073ee49d55fbc7839cfdb2bc0e600add13874d048c94aadddd1"},
    {file = "tomli-2.4.1-cp312-cp312-win32.whl", hash = "sha256:da25dc3563bff5965356133435b757a795a17b17d01dbc0f42fb32447ddfd917"},
    {file = "tomli-2.4.1-cp312-cp312-win_amd64.whl", hash = "sha256:52c8ef851d9a240f11a88c003eacb03c31fc1c9c4ec64a99a0f922b93874fda9"},
    {file = "tomli-2.4.1-cp312-cp312-win_arm64.whl", hash = "sha256:f758f1b9299d059cc3f6546ae2af89670cb1c4d48ea29c3cacc4fe7de3058257"},
    {file = "tomli-2.4.1-cp313-cp313-macosx_10_13_x86_64.whl", hash = "sha256:36d2bd2ad5fb9eaddba5226aa02c8ec3fa4f192631e347b3ed28186d43be6b54"},
    {file = "tomli-2.4.1-cp313-cp313-macosx_11_0_arm64.whl", hash = "sha256:eb0dc4e38e6a1fd579e5d50369aa2e10acfc9cace504579b2faabb478e76941a"},
    {file = "tomli-2.4.1-cp313-cp313-manylinux2014_aarch64.manylinux_2_17_aarch64.manylinux_2_28_aarch64.whl", hash = "sha256:c7f2c7f2b9ca6bdeef8f0fa897f8e05085923eb091721675170254cbc5b02897"},
    {file = "tomli-2.4.1-cp313-cp313-manylinux2014_x86_64.manylinux_2_17_x86_64.manylinux_2_28_x86_64.whl", hash = "sha256:f3c6818a1a86dd6dca7ddcaaf76947d5ba31aecc28cb1b67009a5877c9a64f3f"},
    {file = "tomli-2.4.1-cp313-cp313-musllinux_1_2_aarch64.whl", hash = "sha256:d312ef37c91508b0ab2cee7da26ec0b3ed2f03ce12bd87a588d771ae15dcf82d"},
    {file = "tomli-2.4.1-cp313-cp313-musllinux_1_2_x86_64.whl", hash = "sha256:51529d40e3ca50046d7606fa99ce3956a617f9b36380da3b7f0dd3dd28e68cb5"},
    {file = "tomli-2.4.1-cp313-cp313-win32.whl", hash = "sha256:2190f2e9dd7508d2a90ded5ed369255980a1bcdd58e52f7fe24b8162bf9fedbd"},
    {file = "tomli-2.4.1-cp313-cp313-win_amd64.whl", hash = "sha256:8d65a2fbf9d2f8352685bc1364177ee3923d6baf5e7f43ea4959d7d8bc326a36"},
    {file = "tomli-2.4.1-cp313-cp313-win_arm64.whl", hash = "sha256:4b605484e43cdc43f0954ddae319fb75f04cc10dd80d830540060ee7cd0243cd"},
    {file = "tomli-2.4.1-cp314-cp314-macosx_10_15_x86_64.whl", hash = "sha256:fd0409a3653af6c147209d267a0e4243f0ae46b011aa978b1080359fddc9b6cf"},
    {file = "tomli-2.4.1-cp314-cp314-macosx_11_0_arm64.whl", hash = "sha256:a120733b01c45e9a0c34aeef92bf0cf1d56cfe81ed9d47d562f9ed591a9828ac"},
    {file = "tomli-2.4.1-cp314-cp314-manylinux2014_aarch64.manylinux_2_17_aarch64.manylinux_2_28_aarch64.whl", hash = "sha256:559db847dc486944896521f68d8190be1c9e719fced785720d2216fe7022b662"},
    {file = "tomli-2.4.1-cp314-cp314-manylinux2014_x86_64.manylinux_2_17_x86_64.manylinux_2_28_x86_64.whl", hash = "sha256:01f520d4f53ef97964a240a035ec2a869fe1a37dde002b57ebc4417a27ccd853"},
    {file = "tomli-2.4.1-cp314-cp314-musllinux_1_2_aarch64.whl", hash = "sha256:7f94b27a62cfad8496c8d2513e1a222dd446f095fca8987fceef261225538a15"},
    {file = "tomli-2.4.1-cp314-cp314-musllinux_1_2_x86_64.whl", hash = "sha256:ede3e6487c5ef5d28634ba3f31f989030ad6af71edfb0055cbbd14189ff240ba"},
    {file = "tomli-2.4.1-cp314-cp314-win32.whl", hash = "sha256:3d48a93ee1c9b79c04bb38772ee1b64dcf18ff43085896ea460ca8dec96f35f6"},
    {file = "tomli-2.4.1-cp314-cp314-win_amd64.whl", hash = "sha256:88dceee75c2c63af144e456745e10101eb67361050196b0b6af5d717254dddf7"},
    {file = "tomli-2.4.1-cp314-cp314-win_arm64.whl", hash = "sha256:b8c198f8c1805dc42708689ed6864951fd2494f924149d3e4bce7710f8eb5232"},
    {file = "tomli-2.4.1-cp314-cp314t-macosx_10_15_x86_64.whl", hash = "sha256:d4d8fe59808a54658fcc0160ecfb1b30f9089906c50b23bcb4c69eddc19ec2b4"},
    {file = "tomli-2.4.1-cp314-cp314t-macosx_11_0_arm64.whl", hash = "sha256:7008df2e7655c495dd12d2a4ad038ff878d4ca4b81fccaf82b714e07eae4402c"},
    {file = "tomli-2.4.1-cp314-cp314t-manylinux2014_aarch64.manylinux_2_17_aarch64.manylinux_2_28_aarch64.whl", hash = "sha256:1d8591993e228b0c930c4bb0db464bdad97b3289fb981255d6c9a41aedc84b2d"},
    {file = "tomli-2.4.1-cp314-cp314t-manylinux2014_x86_64.manylinux_2_17_x86_64.manylinux_2_28_x86_64.whl", hash = "sha256:734e20b57ba95624ecf1841e72b53f6e186355e216e5412de414e3c51e5e3c41"},
    {file = "tomli-2.4.1-cp314-cp314t-musllinux_1_2_aarch64.whl", hash = "sha256:8a650c2dbafa08d42e51ba0b62740dae4ecb9338eefa093aa5c78ceb546fcd5c"},
    {file = "tomli-2.4.1-cp314-cp314t-musllinux_1_2_x86_64.whl", hash = "sha256:504aa796fe0569bb43171066009ead363de03675276d2d121ac1a4572397870f"},
    {file = "tomli-2.4.1-cp314-cp314t-win32.whl", hash = "sha256:b1d22e6e9387bf4739fbe23bfa80e93f6b0373a7f1b96c6227c32bef95a4d7a8"},
    {file = "tomli-2.4.1-cp314-cp314t-win_amd64.whl", hash = "sha256:2c1c351919aca02858f740c6d33adea0c5deea37f9ecca1cc1ef9e884a619d26"},
    {file = "tomli-2.4.1-cp314-cp314t-win_arm64.whl", hash = "sha256:eab21f45c7f66c13f2a9e0e1535309cee140182a9cdae1e041d02e47291e8396"},
    {file = "tomli-2.4.1-py3-none-any.whl", hash = "sha256:0d85819802132122da43cb86656f8d1f8c6587d54ae7dcaf30e90533028b49fe"},
    {file = "tomli-2.4.1.tar.gz", hash = "sha256:7c7e1a961a0b2f2472c1ac5b69affa0ae1132c39adcb67aba98568702b9cc23f"},
]

[[package]]
name = "traitlets"
version = "5.14.3"
description = "Traitlets Python configuration system"
optional = false
python-versions = ">=3.8"
groups = ["dev"]
files = [
    {file = "traitlets-5.14.3-py3-none-any.whl", hash = "sha256:b74e89e397b1ed28cc831db7aea759ba6640cb3de13090ca145426688ff1ac4f"},
    {file = "traitlets-5.14.3.tar.gz", hash = "sha256:9ed0579d3502c94b4b3732ac120375cda96f923114522847de4b3bb98b96b6b7"},
]

[package.extras]
docs = ["myst-parser", "pydata-sphinx-theme", "sphinx"]
test = ["argcomplete (>=3.0.3)", "mypy (>=1.7.0)", "pre-commit", "pytest (>=7.0,<8.2)", "pytest-mock", "pytest-mypy-testing"]

[[package]]
name = "typing-extensions"
version = "4.15.0"
description = "Backported and Experimental Type Hints for Python 3.9+"
optional = false
python-versions = ">=3.9"
groups = ["dev", "linters"]
files = [
    {file = "typing_extensions-4.15.0-py3-none-any.whl", hash = "sha256:f0fa19c6845758ab08074a0cfa8b7aecb71c999ca73d62883bc25cc018c4e548"},
    {file = "typing_extensions-4.15.0.tar.gz", hash = "sha256:0cea48d173cc12fa28ecabc3b837ea3cf6f38c6d1136f85cbaaf598984861466"},
]
markers = {dev = "python_version < \"3.12\""}

[[package]]
name = "wcwidth"
version = "0.6.0"
description = "Measures the displayed width of unicode strings in a terminal"
optional = false
python-versions = ">=3.8"
groups = ["dev"]
files = [
    {file = "wcwidth-0.6.0-py3-none-any.whl", hash = "sha256:1a3a1e510b553315f8e146c54764f4fb6264ffad731b3d78088cdb1478ffbdad"},
    {file = "wcwidth-0.6.0.tar.gz", hash = "sha256:cdc4e4262d6ef9a1a57e018384cbeb1208d8abbc64176027e2c2455c81313159"},
]

[extras]
env-settings = ["python-decouple"]

[metadata]
lock-version = "2.1"
python-versions = ">=3.10"
content-hash = "3e3f7680bb692d07e2610a1e65d8e6f586666b54d5c78ec6a425289b867c6a59"
